<?xml version="1.0"?>
<CONFIG>
  <ProjectOptions>
    <PathDelim Value="\"/>
    <Version Value="7"/>
    <General>
      <Flags>
        <SaveOnlyProjectUnits Value="True"/>
        <AlwaysBuild Value="False"/>
        <LRSInOutputDirectory Value="False"/>
      </Flags>
      <SessionStorage Value="InProjectDir"/>
      <MainUnit Value="0"/>
      <TargetFileExt Value=".exe"/>
      <Title Value="Chess4Net_Skype"/>
    </General>
    <VersionInfo>
      <ProjectVersion Value=""/>
    </VersionInfo>
    <PublishOptions>
      <Version Value="2"/>
      <IgnoreBinaries Value="False"/>
      <IncludeFileFilter Value="*.(pas|pp|inc|lfm|lpr|lrs|lpi|lpk|sh|xml)"/>
      <ExcludeFileFilter Value="*.(bak|ppu|ppw|o|so);*~;backup"/>
    </PublishOptions>
    <RunParams>
      <local>
        <FormatVersion Value="1"/>
        <LaunchingApplication PathPlusParams="/usr/X11R6/bin/xterm -T 'Lazarus Run Output' -e $(LazarusDir)/tools/runwait.sh $(TargetCmdLine)"/>
      </local>
    </RunParams>
    <RequiredPackages Count="2">
      <Item1>
        <PackageName Value="lnetvisual"/>
        <MinVersion Minor="5" Release="8" Valid="True"/>
      </Item1>
      <Item2>
        <PackageName Value="LCL"/>
      </Item2>
    </RequiredPackages>
    <Units Count="18">
      <Unit0>
        <Filename Value="Chess4Net_Skype.lpr"/>
        <IsPartOfProject Value="True"/>
        <UnitName Value="Chess4Net_Skype"/>
      </Unit0>
      <Unit1>
        <Filename Value="ManagerSkypeUnit.pas"/>
        <IsPartOfProject Value="True"/>
        <ComponentName Value="Manager"/>
        <HasResources Value="True"/>
        <ResourceBaseClass Value="Form"/>
        <UnitName Value="ManagerSkypeUnit"/>
      </Unit1>
      <Unit2>
        <Filename Value="..\..\FPC\PromotionUnit.pas"/>
        <IsPartOfProject Value="True"/>
        <ComponentName Value="PromotionForm"/>
        <HasResources Value="True"/>
        <ResourceBaseClass Value="Form"/>
        <UnitName Value="PromotionUnit"/>
      </Unit2>
      <Unit3>
        <Filename Value="..\..\FPC\PosBaseUnit.pas"/>
        <IsPartOfProject Value="True"/>
        <UnitName Value="PosBaseUnit"/>
      </Unit3>
      <Unit4>
        <Filename Value="..\..\FPC\PosBaseChessBoardUnit.pas"/>
        <IsPartOfProject Value="True"/>
        <UnitName Value="PosBaseChessBoardUnit"/>
      </Unit4>
      <Unit5>
        <Filename Value="GlobalsSkypeUnit.pas"/>
        <IsPartOfProject Value="True"/>
        <UnitName Value="GlobalsSkypeUnit"/>
      </Unit5>
      <Unit6>
        <Filename Value="..\..\FPC\GlobalsUnit.pas"/>
        <IsPartOfProject Value="True"/>
        <UnitName Value="GlobalsUnit"/>
      </Unit6>
      <Unit7>
        <Filename Value="..\..\FPC\ModalForm.pas"/>
        <IsPartOfProject Value="True"/>
        <ComponentName Value="ModalForm"/>
        <HasResources Value="True"/>
        <ResourceBaseClass Value="Form"/>
        <UnitName Value="ModalForm"/>
      </Unit7>
      <Unit8>
        <Filename Value="..\..\FPC\win32\ChessBoardUnit.pas"/>
        <IsPartOfProject Value="True"/>
        <ComponentName Value="ChessBoard"/>
        <HasResources Value="True"/>
        <ResourceBaseClass Value="Form"/>
        <UnitName Value="ChessBoardUnit"/>
      </Unit8>
      <Unit9>
        <Filename Value="..\..\FPC\win32\GameOptionsUnit.pas"/>
        <IsPartOfProject Value="True"/>
        <ComponentName Value="GameOptionsForm"/>
        <HasResources Value="True"/>
        <ResourceBaseClass Value="Form"/>
        <UnitName Value="GameOptionsUnit"/>
      </Unit9>
      <Unit10>
        <Filename Value="..\..\FPC\win32\LookFeelOptionsUnit.pas"/>
        <IsPartOfProject Value="True"/>
        <ComponentName Value="LookFeelOptionsForm"/>
        <HasResources Value="True"/>
        <ResourceBaseClass Value="Form"/>
        <UnitName Value="LookFeelOptionsUnit"/>
      </Unit10>
      <Unit11>
        <Filename Value="..\..\FPC\win32\ContinueUnit.pas"/>
        <IsPartOfProject Value="True"/>
        <ComponentName Value="ContinueForm"/>
        <HasResources Value="True"/>
        <ResourceBaseClass Value="Form"/>
        <UnitName Value="ContinueUnit"/>
      </Unit11>
      <Unit12>
        <Filename Value="..\..\FPC\win32\ConnectingUnit.pas"/>
        <IsPartOfProject Value="True"/>
        <ComponentName Value="ConnectingForm"/>
        <HasResources Value="True"/>
        <ResourceBaseClass Value="Form"/>
        <UnitName Value="ConnectingUnit"/>
      </Unit12>
      <Unit13>
        <Filename Value="win32\SelectSkypeContactUnit.pas"/>
        <IsPartOfProject Value="True"/>
        <ComponentName Value="SelectSkypeContactForm"/>
        <ResourceBaseClass Value="Form"/>
        <UnitName Value="SelectSkypeContactUnit"/>
      </Unit13>
      <Unit14>
        <Filename Value="ConnectorSkypeUnit.pas"/>
        <IsPartOfProject Value="True"/>
        <ComponentName Value="Connector"/>
        <HasResources Value="True"/>
        <ResourceBaseClass Value="DataModule"/>
        <UnitName Value="ConnectorSkypeUnit"/>
      </Unit14>
      <Unit15>
        <Filename Value="..\..\FPC\ManagerUnit.pas"/>
        <IsPartOfProject Value="True"/>
        <ComponentName Value="Manager"/>
        <HasResources Value="True"/>
        <ResourceBaseClass Value="Form"/>
        <UnitName Value="ManagerUnit"/>
      </Unit15>
      <Unit16>
        <Filename Value="..\..\FPC\LocalizerUnit.pas"/>
        <IsPartOfProject Value="True"/>
        <UnitName Value="LocalizerUnit"/>
      </Unit16>
      <Unit17>
        <Filename Value="..\..\FPC\ModalFormBase.pas"/>
        <IsPartOfProject Value="True"/>
        <ComponentName Value="ModalFormBase"/>
        <HasResources Value="True"/>
        <ResourceBaseClass Value="Form"/>
        <UnitName Value="ModalFormBase"/>
      </Unit17>
    </Units>
  </ProjectOptions>
  <CompilerOptions>
    <Version Value="8"/>
    <PathDelim Value="\"/>
    <Target>
      <Filename Value="..\..\bin\Chess4Net_Skype"/>
    </Target>
    <SearchPaths>
      <IncludeFiles Value="..\..\FPC\;..\..\FPC\win32\;win32\;..\SkypeAPI\"/>
      <OtherUnitFiles Value="..\..\FPC\;..\..\FPC\win32\;win32\;..\SkypeAPI\"/>
      <UnitOutputDirectory Value="bin"/>
    </SearchPaths>
    <Parsing>
      <SyntaxOptions>
        <SyntaxMode Value="Delphi"/>
        <IncludeAssertionCode Value="True"/>
      </SyntaxOptions>
    </Parsing>
    <CodeGeneration>
      <SmartLinkUnit Value="True"/>
      <SmallerCode Value="True"/>
      <Optimizations>
        <OptimizationLevel Value="2"/>
      </Optimizations>
    </CodeGeneration>
    <Linking>
      <Debugging>
        <GenerateDebugInfo Value="True"/>
        <UseExternalDbgSyms Value="True"/>
      </Debugging>
      <LinkSmart Value="True"/>
      <Options>
        <Win32>
          <GraphicApplication Value="True"/>
        </Win32>
      </Options>
    </Linking>
    <Other>
      <CompilerPath Value="$(CompPath)"/>
    </Other>
  </CompilerOptions>
</CONFIG>
